<?xml version="1.0" encoding="utf-8"?>
<Project ToolsVersion="4.0" xmlns="http://schemas.microsoft.com/developer/msbuild/2003">
  <ItemGroup>
    <Filter Include="Pliki źródłowe">
      <UniqueIdentifier>{4FC737F1-C7A5-4376-A066-2A32D752A2FF}</UniqueIdentifier>
      <Extensions>cpp;c;cc;cxx;c++;cppm;ixx;def;odl;idl;hpj;bat;asm;asmx</Extensions>
    </Filter>
    <Filter Include="Pliki nagłówkowe">
      <UniqueIdentifier>{93995380-89BD-4b04-88EB-625FBE52EBFB}</UniqueIdentifier>
      <Extensions>h;hh;hpp;hxx;h++;hm;inl;inc;ipp;xsd</Extensions>
    </Filter>
    <Filter Include="Pliki zasobów">
      <UniqueIdentifier>{67DA6AB6-F800-4c08-8B7A-83BB121AAD01}</UniqueIdentifier>
      <Extensions>rc;ico;cur;bmp;dlg;rc2;rct;bin;rgs;gif;jpg;jpeg;jpe;resx;tiff;tif;png;wav;mfcribbon-ms</Extensions>
    </Filter>
    <Filter Include="Game">
      <UniqueIdentifier>{fe06348e-6db6-443a-be1e-3918add71b5c}</UniqueIdentifier>
    </Filter>
    <Filter Include="Manager">
      <UniqueIdentifier>{bf6c0fe7-0a57-4eda-a1c1-b51d273e7b1f}</UniqueIdentifier>
    </Filter>
    <Filter Include="Entity&amp;Enemies">
      <UniqueIdentifier>{ece06133-0564-48c9-bdc0-4f0b1a4d34fb}</UniqueIdentifier>
    </Filter>
    <Filter Include="Entity&amp;Enemies\Player">
      <UniqueIdentifier>{94e11c19-6d8c-4a27-ab76-36e0053db057}</UniqueIdentifier>
    </Filter>
    <Filter Include="Entity&amp;Enemies\Enemies">
      <UniqueIdentifier>{f56caecf-906e-4edb-a223-3bae5ff7ba2c}</UniqueIdentifier>
    </Filter>
  </ItemGroup>
  <ItemGroup>
    <ClCompile Include="PROJECT_INQ_L.cpp">
      <Filter>Pliki źródłowe</Filter>
    </ClCompile>
    <ClCompile Include="..\SOURCE CPP\game.cpp">
      <Filter>Game</Filter>
    </ClCompile>
    <ClCompile Include="..\SOURCE CPP\EnemyManager.cpp">
      <Filter>Manager</Filter>
    </ClCompile>
    <ClCompile Include="..\SOURCE CPP\hub.cpp">
      <Filter>Game</Filter>
    </ClCompile>
    <ClCompile Include="..\SOURCE CPP\player.cpp">
      <Filter>Entity&amp;Enemies\Player</Filter>
    </ClCompile>
    <ClCompile Include="..\SOURCE CPP\switchscreens.cpp">
      <Filter>Game</Filter>
    </ClCompile>
    <ClCompile Include="..\HEADERS\tile.cpp">
      <Filter>Game</Filter>
    </ClCompile>
    <ClCompile Include="..\SOURCE CPP\playermanager.cpp">
      <Filter>Manager</Filter>
    </ClCompile>
    <ClCompile Include="..\SOURCE CPP\projectile.cpp">
      <Filter>Entity&amp;Enemies\Player</Filter>
    </ClCompile>
    <ClCompile Include="..\SOURCE CPP\enemy.cpp">
      <Filter>Entity&amp;Enemies\Enemies</Filter>
    </ClCompile>
    <ClCompile Include="..\SOURCE CPP\skeleton.cpp">
      <Filter>Entity&amp;Enemies\Enemies</Filter>
    </ClCompile>
  </ItemGroup>
  <ItemGroup>
    <ClInclude Include="..\HEADERS\game.h">
      <Filter>Game</Filter>
    </ClInclude>
    <ClInclude Include="..\HEADERS\EnemyManager.h">
      <Filter>Manager</Filter>
    </ClInclude>
    <ClInclude Include="..\HEADERS\hub.h">
      <Filter>Game</Filter>
    </ClInclude>
    <ClInclude Include="..\HEADERS\player.h">
      <Filter>Entity&amp;Enemies\Player</Filter>
    </ClInclude>
    <ClInclude Include="..\HEADERS\switchscreens.h">
      <Filter>Game</Filter>
    </ClInclude>
    <ClInclude Include="..\HEADERS\tile.h">
      <Filter>Game</Filter>
    </ClInclude>
    <ClInclude Include="..\HEADERS\playermanager.h">
      <Filter>Manager</Filter>
    </ClInclude>
    <ClInclude Include="..\HEADERS\projectile.h">
      <Filter>Entity&amp;Enemies\Player</Filter>
    </ClInclude>
    <ClInclude Include="..\HEADERS\enemy.h">
      <Filter>Entity&amp;Enemies\Enemies</Filter>
    </ClInclude>
    <ClInclude Include="..\HEADERS\skeleton.h">
      <Filter>Entity&amp;Enemies\Enemies</Filter>
    </ClInclude>
    <ClInclude Include="..\HEADERS\Entity.h">
      <Filter>Entity&amp;Enemies</Filter>
    </ClInclude>
  </ItemGroup>
</Project>